
Microsoft Visual Studio Solution File, Format Version 12.00
# Visual Studio Version 16
VisualStudioVersion = 16.0.30517.126
MinimumVisualStudioVersion = 10.0.40219.1
Project("{FAE04EC0-301F-11D3-BF4B-00C04F79EFBC}") = "hi", "hi\hi.csproj", "{D2133F1D-C71F-4A9B-9352-102A12BAD3E4}"
EndProject
Global
	GlobalSection(SolutionConfigurationPlatforms) = preSolution
		Debug|Any CPU = Debug|Any CPU
		Release|Any CPU = Release|Any CPU
	EndGlobalSection
	GlobalSection(ProjectConfigurationPlatforms) = postSolution
		{D2133F1D-C71F-4A9B-9352-102A12BAD3E4}.Debug|Any CPU.ActiveCfg = Debug|Any CPU
		{D2133F1D-C71F-4A9B-9352-102A12BAD3E4}.Debug|Any CPU.Build.0 = Debug|Any CPU
		{D2133F1D-C71F-4A9B-9352-102A12BAD3E4}.Release|Any CPU.ActiveCfg = Release|Any CPU
		{D2133F1D-C71F-4A9B-9352-102A12BAD3E4}.Release|Any CPU.Build.0 = Release|Any CPU
	EndGlobalSection
	GlobalSection(SolutionProperties) = preSolution
		HideSolutionNode = FALSE
	EndGlobalSection
	GlobalSection(ExtensibilityGlobals) = postSolution
		SolutionGuid = {859156D4-FE40-4C8E-9F5F-310C0A9BE816}
	EndGlobalSection
EndGlobal
